// !$*UTF8*$!
{
	archiveVersion = 1;
	classes = {
	};
	objectVersion = 52;
	objects = {

/* Begin PBXBuildFile section */
		FB2501372656463A006DF6C8 /* DeviceSettings.swift in Sources */ = {isa = PBXBuildFile; fileRef = FB2501362656463A006DF6C8 /* DeviceSettings.swift */; };
		FB536CF9265BE92800E04111 /* FiltersModalView.swift in Sources */ = {isa = PBXBuildFile; fileRef = FB536CF8265BE92800E04111 /* FiltersModalView.swift */; };
		FB6E229D2652723C00408FB8 /* Home.swift in Sources */ = {isa = PBXBuildFile; fileRef = FB6E229C2652723C00408FB8 /* Home.swift */; };
		FB6E229F2652724900408FB8 /* Search.swift in Sources */ = {isa = PBXBuildFile; fileRef = FB6E229E2652724900408FB8 /* Search.swift */; };
		FB6E22A12652725500408FB8 /* Settings.swift in Sources */ = {isa = PBXBuildFile; fileRef = FB6E22A02652725500408FB8 /* Settings.swift */; };
		FB6E22A32652727300408FB8 /* Orders.swift in Sources */ = {isa = PBXBuildFile; fileRef = FB6E22A22652727300408FB8 /* Orders.swift */; };
		FB6E22A52652728800408FB8 /* Cart.swift in Sources */ = {isa = PBXBuildFile; fileRef = FB6E22A42652728800408FB8 /* Cart.swift */; };
		FB7B2F78265D3A1700406F31 /* SubmitButton.swift in Sources */ = {isa = PBXBuildFile; fileRef = FB7B2F77265D3A1700406F31 /* SubmitButton.swift */; };
		FBA43EA526575CC2003F4D8C /* Constants.swift in Sources */ = {isa = PBXBuildFile; fileRef = FBA43EA426575CC2003F4D8C /* Constants.swift */; };
		FBA43EA82657604D003F4D8C /* ColorExtension.swift in Sources */ = {isa = PBXBuildFile; fileRef = FBA43EA72657604D003F4D8C /* ColorExtension.swift */; };
		FBA43EB226578685003F4D8C /* FeaturedItemView.swift in Sources */ = {isa = PBXBuildFile; fileRef = FBA43EB126578685003F4D8C /* FeaturedItemView.swift */; };
		FBA43EB526578710003F4D8C /* URLImageStore in Frameworks */ = {isa = PBXBuildFile; productRef = FBA43EB426578710003F4D8C /* URLImageStore */; };
		FBA43EB726578710003F4D8C /* URLImage in Frameworks */ = {isa = PBXBuildFile; productRef = FBA43EB626578710003F4D8C /* URLImage */; };
		FBA43EB9265789C6003F4D8C /* ImageCarsouel.swift in Sources */ = {isa = PBXBuildFile; fileRef = FBA43EB8265789C6003F4D8C /* ImageCarsouel.swift */; };
		FBA43EBB2657B0B0003F4D8C /* Filters.swift in Sources */ = {isa = PBXBuildFile; fileRef = FBA43EBA2657B0B0003F4D8C /* Filters.swift */; };
		FBD312AA2653996D002CC084 /* CustomTabView.swift in Sources */ = {isa = PBXBuildFile; fileRef = FBD312A92653996D002CC084 /* CustomTabView.swift */; };
		FBDFD58926512086005D90FA /* eatsyApp.swift in Sources */ = {isa = PBXBuildFile; fileRef = FBDFD58826512086005D90FA /* eatsyApp.swift */; };
		FBDFD58B26512086005D90FA /* ContentView.swift in Sources */ = {isa = PBXBuildFile; fileRef = FBDFD58A26512086005D90FA /* ContentView.swift */; };
		FBDFD58D26512088005D90FA /* Assets.xcassets in Resources */ = {isa = PBXBuildFile; fileRef = FBDFD58C26512088005D90FA /* Assets.xcassets */; };
		FBDFD59026512088005D90FA /* Preview Assets.xcassets in Resources */ = {isa = PBXBuildFile; fileRef = FBDFD58F26512088005D90FA /* Preview Assets.xcassets */; };
		FBFC59F326516CDB00F3100F /* OnBoardingCard.swift in Sources */ = {isa = PBXBuildFile; fileRef = FBFC59F226516CDB00F3100F /* OnBoardingCard.swift */; };
		FBFC59F6265172A300F3100F /* OnBoarding.swift in Sources */ = {isa = PBXBuildFile; fileRef = FBFC59F5265172A300F3100F /* OnBoarding.swift */; };
/* End PBXBuildFile section */

/* Begin PBXFileReference section */
		FB2501362656463A006DF6C8 /* DeviceSettings.swift */ = {isa = PBXFileReference; lastKnownFileType = sourcecode.swift; path = DeviceSettings.swift; sourceTree = "<group>"; };
		FB536CF8265BE92800E04111 /* FiltersModalView.swift */ = {isa = PBXFileReference; lastKnownFileType = sourcecode.swift; path = FiltersModalView.swift; sourceTree = "<group>"; };
		FB6E229C2652723C00408FB8 /* Home.swift */ = {isa = PBXFileReference; lastKnownFileType = sourcecode.swift; path = Home.swift; sourceTree = "<group>"; };
		FB6E229E2652724900408FB8 /* Search.swift */ = {isa = PBXFileReference; lastKnownFileType = sourcecode.swift; path = Search.swift; sourceTree = "<group>"; };
		FB6E22A02652725500408FB8 /* Settings.swift */ = {isa = PBXFileReference; lastKnownFileType = sourcecode.swift; path = Settings.swift; sourceTree = "<group>"; };
		FB6E22A22652727300408FB8 /* Orders.swift */ = {isa = PBXFileReference; lastKnownFileType = sourcecode.swift; path = Orders.swift; sourceTree = "<group>"; };
		FB6E22A42652728800408FB8 /* Cart.swift */ = {isa = PBXFileReference; lastKnownFileType = sourcecode.swift; path = Cart.swift; sourceTree = "<group>"; };
		FB7B2F77265D3A1700406F31 /* SubmitButton.swift */ = {isa = PBXFileReference; lastKnownFileType = sourcecode.swift; path = SubmitButton.swift; sourceTree = "<group>"; };
		FBA43EA426575CC2003F4D8C /* Constants.swift */ = {isa = PBXFileReference; lastKnownFileType = sourcecode.swift; path = Constants.swift; sourceTree = "<group>"; };
		FBA43EA72657604D003F4D8C /* ColorExtension.swift */ = {isa = PBXFileReference; lastKnownFileType = sourcecode.swift; path = ColorExtension.swift; sourceTree = "<group>"; };
		FBA43EB126578685003F4D8C /* FeaturedItemView.swift */ = {isa = PBXFileReference; lastKnownFileType = sourcecode.swift; path = FeaturedItemView.swift; sourceTree = "<group>"; };
		FBA43EB8265789C6003F4D8C /* ImageCarsouel.swift */ = {isa = PBXFileReference; lastKnownFileType = sourcecode.swift; path = ImageCarsouel.swift; sourceTree = "<group>"; };
		FBA43EBA2657B0B0003F4D8C /* Filters.swift */ = {isa = PBXFileReference; lastKnownFileType = sourcecode.swift; path = Filters.swift; sourceTree = "<group>"; };
		FBD312A92653996D002CC084 /* CustomTabView.swift */ = {isa = PBXFileReference; lastKnownFileType = sourcecode.swift; path = CustomTabView.swift; sourceTree = "<group>"; };
		FBDFD58526512086005D90FA /* eatsy.app */ = {isa = PBXFileReference; explicitFileType = wrapper.application; includeInIndex = 0; path = eatsy.app; sourceTree = BUILT_PRODUCTS_DIR; };
		FBDFD58826512086005D90FA /* eatsyApp.swift */ = {isa = PBXFileReference; lastKnownFileType = sourcecode.swift; path = eatsyApp.swift; sourceTree = "<group>"; };
		FBDFD58A26512086005D90FA /* ContentView.swift */ = {isa = PBXFileReference; lastKnownFileType = sourcecode.swift; path = ContentView.swift; sourceTree = "<group>"; };
		FBDFD58C26512088005D90FA /* Assets.xcassets */ = {isa = PBXFileReference; lastKnownFileType = folder.assetcatalog; path = Assets.xcassets; sourceTree = "<group>"; };
		FBDFD58F26512088005D90FA /* Preview Assets.xcassets */ = {isa = PBXFileReference; lastKnownFileType = folder.assetcatalog; path = "Preview Assets.xcassets"; sourceTree = "<group>"; };
		FBDFD59126512088005D90FA /* Info.plist */ = {isa = PBXFileReference; lastKnownFileType = text.plist.xml; path = Info.plist; sourceTree = "<group>"; };
		FBFC59F226516CDB00F3100F /* OnBoardingCard.swift */ = {isa = PBXFileReference; lastKnownFileType = sourcecode.swift; path = OnBoardingCard.swift; sourceTree = "<group>"; };
		FBFC59F5265172A300F3100F /* OnBoarding.swift */ = {isa = PBXFileReference; lastKnownFileType = sourcecode.swift; path = OnBoarding.swift; sourceTree = "<group>"; };
/* End PBXFileReference section */

/* Begin PBXFrameworksBuildPhase section */
		FBDFD58226512086005D90FA /* Frameworks */ = {
			isa = PBXFrameworksBuildPhase;
			buildActionMask = 2147483647;
			files = (
				FBA43EB726578710003F4D8C /* URLImage in Frameworks */,
				FBA43EB526578710003F4D8C /* URLImageStore in Frameworks */,
			);
			runOnlyForDeploymentPostprocessing = 0;
		};
/* End PBXFrameworksBuildPhase section */

/* Begin PBXGroup section */
		FB250132265644D5006DF6C8 /* Stores */ = {
			isa = PBXGroup;
			children = (
				FB2501362656463A006DF6C8 /* DeviceSettings.swift */,
			);
			path = Stores;
			sourceTree = "<group>";
		};
		FB25013326564541006DF6C8 /* Navigation */ = {
			isa = PBXGroup;
			children = (
				FBD312A92653996D002CC084 /* CustomTabView.swift */,
			);
			path = Navigation;
			sourceTree = "<group>";
		};
		FB25013826565367006DF6C8 /* Utility */ = {
			isa = PBXGroup;
			children = (
				FBA43EA426575CC2003F4D8C /* Constants.swift */,
			);
			path = Utility;
			sourceTree = "<group>";
		};
		FB25013D265653F7006DF6C8 /* Data */ = {
			isa = PBXGroup;
			children = (
			);
			path = Data;
			sourceTree = "<group>";
		};
		FB25013E26565439006DF6C8 /* Models */ = {
			isa = PBXGroup;
			children = (
			);
			path = Models;
			sourceTree = "<group>";
		};
		FBA43EA626576036003F4D8C /* Extensions */ = {
			isa = PBXGroup;
			children = (
				FBA43EA72657604D003F4D8C /* ColorExtension.swift */,
			);
			path = Extensions;
			sourceTree = "<group>";
		};
		FBA43EAA265774FB003F4D8C /* Home */ = {
			isa = PBXGroup;
			children = (
				FB6E229C2652723C00408FB8 /* Home.swift */,
				FBA43EB8265789C6003F4D8C /* ImageCarsouel.swift */,
				FBA43EBA2657B0B0003F4D8C /* Filters.swift */,
				FB536CF8265BE92800E04111 /* FiltersModalView.swift */,
			);
			path = Home;
			sourceTree = "<group>";
		};
		FBA43EAB2657755A003F4D8C /* CommonViews */ = {
			isa = PBXGroup;
			children = (
				FBFC59F226516CDB00F3100F /* OnBoardingCard.swift */,
				FBA43EB126578685003F4D8C /* FeaturedItemView.swift */,
				FB7B2F77265D3A1700406F31 /* SubmitButton.swift */,
			);
			path = CommonViews;
			sourceTree = "<group>";
		};
		FBA43EAC26577589003F4D8C /* Orders */ = {
			isa = PBXGroup;
			children = (
				FB6E22A22652727300408FB8 /* Orders.swift */,
			);
			path = Orders;
			sourceTree = "<group>";
		};
		FBA43EAD26577597003F4D8C /* Settings */ = {
			isa = PBXGroup;
			children = (
				FB6E22A02652725500408FB8 /* Settings.swift */,
			);
			path = Settings;
			sourceTree = "<group>";
		};
		FBA43EAE265775A1003F4D8C /* Cart */ = {
			isa = PBXGroup;
			children = (
				FB6E22A42652728800408FB8 /* Cart.swift */,
			);
			path = Cart;
			sourceTree = "<group>";
		};
		FBA43EAF265775B3003F4D8C /* OnBoarding */ = {
			isa = PBXGroup;
			children = (
				FBFC59F5265172A300F3100F /* OnBoarding.swift */,
			);
			path = OnBoarding;
			sourceTree = "<group>";
		};
		FBA43EB0265775C0003F4D8C /* Search */ = {
			isa = PBXGroup;
			children = (
				FB6E229E2652724900408FB8 /* Search.swift */,
			);
			path = Search;
			sourceTree = "<group>";
		};
		FBDFD57C26512086005D90FA = {
			isa = PBXGroup;
			children = (
				FBDFD58726512086005D90FA /* eatsy */,
				FBDFD58626512086005D90FA /* Products */,
			);
			sourceTree = "<group>";
		};
		FBDFD58626512086005D90FA /* Products */ = {
			isa = PBXGroup;
			children = (
				FBDFD58526512086005D90FA /* eatsy.app */,
			);
			name = Products;
			sourceTree = "<group>";
		};
		FBDFD58726512086005D90FA /* eatsy */ = {
			isa = PBXGroup;
			children = (
				FBA43EAB2657755A003F4D8C /* CommonViews */,
				FBA43EA626576036003F4D8C /* Extensions */,
				FB25013E26565439006DF6C8 /* Models */,
				FB25013D265653F7006DF6C8 /* Data */,
				FB25013826565367006DF6C8 /* Utility */,
				FB250132265644D5006DF6C8 /* Stores */,
				FBFC59F1265169BD00F3100F /* Views */,
				FBDFD58826512086005D90FA /* eatsyApp.swift */,
				FBDFD58A26512086005D90FA /* ContentView.swift */,
				FBDFD58C26512088005D90FA /* Assets.xcassets */,
				FBDFD59126512088005D90FA /* Info.plist */,
				FBDFD58E26512088005D90FA /* Preview Content */,
			);
			path = eatsy;
			sourceTree = "<group>";
		};
		FBDFD58E26512088005D90FA /* Preview Content */ = {
			isa = PBXGroup;
			children = (
				FBDFD58F26512088005D90FA /* Preview Assets.xcassets */,
			);
			path = "Preview Content";
			sourceTree = "<group>";
		};
		FBFC59F1265169BD00F3100F /* Views */ = {
			isa = PBXGroup;
			children = (
				FBA43EB0265775C0003F4D8C /* Search */,
				FBA43EAF265775B3003F4D8C /* OnBoarding */,
				FBA43EAE265775A1003F4D8C /* Cart */,
				FBA43EAD26577597003F4D8C /* Settings */,
				FBA43EAC26577589003F4D8C /* Orders */,
				FBA43EAA265774FB003F4D8C /* Home */,
				FB25013326564541006DF6C8 /* Navigation */,
			);
			path = Views;
			sourceTree = "<group>";
		};
/* End PBXGroup section */

/* Begin PBXNativeTarget section */
		FBDFD58426512086005D90FA /* eatsy */ = {
			isa = PBXNativeTarget;
			buildConfigurationList = FBDFD59426512088005D90FA /* Build configuration list for PBXNativeTarget "eatsy" */;
			buildPhases = (
				FBDFD58126512086005D90FA /* Sources */,
				FBDFD58226512086005D90FA /* Frameworks */,
				FBDFD58326512086005D90FA /* Resources */,
			);
			buildRules = (
			);
			dependencies = (
			);
			name = eatsy;
			packageProductDependencies = (
				FBA43EB426578710003F4D8C /* URLImageStore */,
				FBA43EB626578710003F4D8C /* URLImage */,
			);
			productName = eatsy;
			productReference = FBDFD58526512086005D90FA /* eatsy.app */;
			productType = "com.apple.product-type.application";
		};
/* End PBXNativeTarget section */

/* Begin PBXProject section */
		FBDFD57D26512086005D90FA /* Project object */ = {
			isa = PBXProject;
			attributes = {
				LastSwiftUpdateCheck = 1250;
				LastUpgradeCheck = 1250;
				TargetAttributes = {
					FBDFD58426512086005D90FA = {
						CreatedOnToolsVersion = 12.5;
					};
				};
			};
			buildConfigurationList = FBDFD58026512086005D90FA /* Build configuration list for PBXProject "eatsy" */;
			compatibilityVersion = "Xcode 9.3";
			developmentRegion = en;
			hasScannedForEncodings = 0;
			knownRegions = (
				en,
				Base,
			);
			mainGroup = FBDFD57C26512086005D90FA;
			packageReferences = (
				FBA43EB326578710003F4D8C /* XCRemoteSwiftPackageReference "url-image" */,
			);
			productRefGroup = FBDFD58626512086005D90FA /* Products */;
			projectDirPath = "";
			projectRoot = "";
			targets = (
				FBDFD58426512086005D90FA /* eatsy */,
			);
		};
/* End PBXProject section */

/* Begin PBXResourcesBuildPhase section */
		FBDFD58326512086005D90FA /* Resources */ = {
			isa = PBXResourcesBuildPhase;
			buildActionMask = 2147483647;
			files = (
				FBDFD59026512088005D90FA /* Preview Assets.xcassets in Resources */,
				FBDFD58D26512088005D90FA /* Assets.xcassets in Resources */,
			);
			runOnlyForDeploymentPostprocessing = 0;
		};
/* End PBXResourcesBuildPhase section */

/* Begin PBXSourcesBuildPhase section */
		FBDFD58126512086005D90FA /* Sources */ = {
			isa = PBXSourcesBuildPhase;
			buildActionMask = 2147483647;
			files = (
				FBDFD58B26512086005D90FA /* ContentView.swift in Sources */,
				FB7B2F78265D3A1700406F31 /* SubmitButton.swift in Sources */,
				FB536CF9265BE92800E04111 /* FiltersModalView.swift in Sources */,
				FBA43EBB2657B0B0003F4D8C /* Filters.swift in Sources */,
				FB6E22A52652728800408FB8 /* Cart.swift in Sources */,
				FBFC59F326516CDB00F3100F /* OnBoardingCard.swift in Sources */,
				FB6E229D2652723C00408FB8 /* Home.swift in Sources */,
				FB6E229F2652724900408FB8 /* Search.swift in Sources */,
				FB2501372656463A006DF6C8 /* DeviceSettings.swift in Sources */,
				FB6E22A12652725500408FB8 /* Settings.swift in Sources */,
				FBA43EA526575CC2003F4D8C /* Constants.swift in Sources */,
				FBFC59F6265172A300F3100F /* OnBoarding.swift in Sources */,
				FBD312AA2653996D002CC084 /* CustomTabView.swift in Sources */,
				FB6E22A32652727300408FB8 /* Orders.swift in Sources */,
				FBA43EB9265789C6003F4D8C /* ImageCarsouel.swift in Sources */,
				FBA43EB226578685003F4D8C /* FeaturedItemView.swift in Sources */,
				FBDFD58926512086005D90FA /* eatsyApp.swift in Sources */,
				FBA43EA82657604D003F4D8C /* ColorExtension.swift in Sources */,
			);
			runOnlyForDeploymentPostprocessing = 0;
		};
/* End PBXSourcesBuildPhase section */

/* Begin XCBuildConfiguration section */
		FBDFD59226512088005D90FA /* Debug */ = {
			isa = XCBuildConfiguration;
			buildSettings = {
				ALWAYS_SEARCH_USER_PATHS = NO;
				CLANG_ANALYZER_NONNULL = YES;
				CLANG_ANALYZER_NUMBER_OBJECT_CONVERSION = YES_AGGRESSIVE;
				CLANG_CXX_LANGUAGE_STANDARD = "gnu++14";
				CLANG_CXX_LIBRARY = "libc++";
				CLANG_ENABLE_MODULES = YES;
				CLANG_ENABLE_OBJC_ARC = YES;
				CLANG_ENABLE_OBJC_WEAK = YES;
				CLANG_WARN_BLOCK_CAPTURE_AUTORELEASING = YES;
				CLANG_WARN_BOOL_CONVERSION = YES;
				CLANG_WARN_COMMA = YES;
				CLANG_WARN_CONSTANT_CONVERSION = YES;
				CLANG_WARN_DEPRECATED_OBJC_IMPLEMENTATIONS = YES;
				CLANG_WARN_DIRECT_OBJC_ISA_USAGE = YES_ERROR;
				CLANG_WARN_DOCUMENTATION_COMMENTS = YES;
				CLANG_WARN_EMPTY_BODY = YES;
				CLANG_WARN_ENUM_CONVERSION = YES;
				CLANG_WARN_INFINITE_RECURSION = YES;
				CLANG_WARN_INT_CONVERSION = YES;
				CLANG_WARN_NON_LITERAL_NULL_CONVERSION = YES;
				CLANG_WARN_OBJC_IMPLICIT_RETAIN_SELF = YES;
				CLANG_WARN_OBJC_LITERAL_CONVERSION = YES;
				CLANG_WARN_OBJC_ROOT_CLASS = YES_ERROR;
				CLANG_WARN_QUOTED_INCLUDE_IN_FRAMEWORK_HEADER = YES;
				CLANG_WARN_RANGE_LOOP_ANALYSIS = YES;
				CLANG_WARN_STRICT_PROTOTYPES = YES;
				CLANG_WARN_SUSPICIOUS_MOVE = YES;
				CLANG_WARN_UNGUARDED_AVAILABILITY = YES_AGGRESSIVE;
				CLANG_WARN_UNREACHABLE_CODE = YES;
				CLANG_WARN__DUPLICATE_METHOD_MATCH = YES;
				COPY_PHASE_STRIP = NO;
				DEBUG_INFORMATION_FORMAT = dwarf;
				ENABLE_STRICT_OBJC_MSGSEND = YES;
				ENABLE_TESTABILITY = YES;
				GCC_C_LANGUAGE_STANDARD = gnu11;
				GCC_DYNAMIC_NO_PIC = NO;
				GCC_NO_COMMON_BLOCKS = YES;
				GCC_OPTIMIZATION_LEVEL = 0;
				GCC_PREPROCESSOR_DEFINITIONS = (
					"DEBUG=1",
					"$(inherited)",
				);
				GCC_WARN_64_TO_32_BIT_CONVERSION = YES;
				GCC_WARN_ABOUT_RETURN_TYPE = YES_ERROR;
				GCC_WARN_UNDECLARED_SELECTOR = YES;
				GCC_WARN_UNINITIALIZED_AUTOS = YES_AGGRESSIVE;
				GCC_WARN_UNUSED_FUNCTION = YES;
				GCC_WARN_UNUSED_VARIABLE = YES;
				IPHONEOS_DEPLOYMENT_TARGET = 14.5;
				MTL_ENABLE_DEBUG_INFO = INCLUDE_SOURCE;
				MTL_FAST_MATH = YES;
				ONLY_ACTIVE_ARCH = YES;
				SDKROOT = iphoneos;
				SWIFT_ACTIVE_COMPILATION_CONDITIONS = DEBUG;
				SWIFT_OPTIMIZATION_LEVEL = "-Onone";
			};
			name = Debug;
		};
		FBDFD59326512088005D90FA /* Release */ = {
			isa = XCBuildConfiguration;
			buildSettings = {
				ALWAYS_SEARCH_USER_PATHS = NO;
				CLANG_ANALYZER_NONNULL = YES;
				CLANG_ANALYZER_NUMBER_OBJECT_CONVERSION = YES_AGGRESSIVE;
				CLANG_CXX_LANGUAGE_STANDARD = "gnu++14";
				CLANG_CXX_LIBRARY = "libc++";
				CLANG_ENABLE_MODULES = YES;
				CLANG_ENABLE_OBJC_ARC = YES;
				CLANG_ENABLE_OBJC_WEAK = YES;
				CLANG_WARN_BLOCK_CAPTURE_AUTORELEASING = YES;
				CLANG_WARN_BOOL_CONVERSION = YES;
				CLANG_WARN_COMMA = YES;
				CLANG_WARN_CONSTANT_CONVERSION = YES;
				CLANG_WARN_DEPRECATED_OBJC_IMPLEMENTATIONS = YES;
				CLANG_WARN_DIRECT_OBJC_ISA_USAGE = YES_ERROR;
				CLANG_WARN_DOCUMENTATION_COMMENTS = YES;
				CLANG_WARN_EMPTY_BODY = YES;
				CLANG_WARN_ENUM_CONVERSION = YES;
				CLANG_WARN_INFINITE_RECURSION = YES;
				CLANG_WARN_INT_CONVERSION = YES;
				CLANG_WARN_NON_LITERAL_NULL_CONVERSION = YES;
				CLANG_WARN_OBJC_IMPLICIT_RETAIN_SELF = YES;
				CLANG_WARN_OBJC_LITERAL_CONVERSION = YES;
				CLANG_WARN_OBJC_ROOT_CLASS = YES_ERROR;
				CLANG_WARN_QUOTED_INCLUDE_IN_FRAMEWORK_HEADER = YES;
				CLANG_WARN_RANGE_LOOP_ANALYSIS = YES;
				CLANG_WARN_STRICT_PROTOTYPES = YES;
				CLANG_WARN_SUSPICIOUS_MOVE = YES;
				CLANG_WARN_UNGUARDED_AVAILABILITY = YES_AGGRESSIVE;
				CLANG_WARN_UNREACHABLE_CODE = YES;
				CLANG_WARN__DUPLICATE_METHOD_MATCH = YES;
				COPY_PHASE_STRIP = NO;
				DEBUG_INFORMATION_FORMAT = "dwarf-with-dsym";
				ENABLE_NS_ASSERTIONS = NO;
				ENABLE_STRICT_OBJC_MSGSEND = YES;
				GCC_C_LANGUAGE_STANDARD = gnu11;
				GCC_NO_COMMON_BLOCKS = YES;
				GCC_WARN_64_TO_32_BIT_CONVERSION = YES;
				GCC_WARN_ABOUT_RETURN_TYPE = YES_ERROR;
				GCC_WARN_UNDECLARED_SELECTOR = YES;
				GCC_WARN_UNINITIALIZED_AUTOS = YES_AGGRESSIVE;
				GCC_WARN_UNUSED_FUNCTION = YES;
				GCC_WARN_UNUSED_VARIABLE = YES;
				IPHONEOS_DEPLOYMENT_TARGET = 14.5;
				MTL_ENABLE_DEBUG_INFO = NO;
				MTL_FAST_MATH = YES;
				SDKROOT = iphoneos;
				SWIFT_COMPILATION_MODE = wholemodule;
				SWIFT_OPTIMIZATION_LEVEL = "-O";
				VALIDATE_PRODUCT = YES;
			};
			name = Release;
		};
		FBDFD59526512088005D90FA /* Debug */ = {
			isa = XCBuildConfiguration;
			buildSettings = {
				ASSETCATALOG_COMPILER_APPICON_NAME = AppIcon;
				ASSETCATALOG_COMPILER_GLOBAL_ACCENT_COLOR_NAME = AccentColor;
				CODE_SIGN_STYLE = Automatic;
				DEVELOPMENT_ASSET_PATHS = "\"eatsy/Preview Content\"";
				ENABLE_PREVIEWS = YES;
				INFOPLIST_FILE = eatsy/Info.plist;
				IPHONEOS_DEPLOYMENT_TARGET = 14.0;
				LD_RUNPATH_SEARCH_PATHS = (
					"$(inherited)",
					"@executable_path/Frameworks",
				);
				PRODUCT_BUNDLE_IDENTIFIER = com.demoapp.eatsy;
				PRODUCT_NAME = "$(TARGET_NAME)";
				SWIFT_VERSION = 5.0;
				TARGETED_DEVICE_FAMILY = "1,2";
			};
			name = Debug;
		};
		FBDFD59626512088005D90FA /* Release */ = {
			isa = XCBuildConfiguration;
			buildSettings = {
				ASSETCATALOG_COMPILER_APPICON_NAME = AppIcon;
				ASSETCATALOG_COMPILER_GLOBAL_ACCENT_COLOR_NAME = AccentColor;
				CODE_SIGN_STYLE = Automatic;
				DEVELOPMENT_ASSET_PATHS = "\"eatsy/Preview Content\"";
				ENABLE_PREVIEWS = YES;
				INFOPLIST_FILE = eatsy/Info.plist;
				IPHONEOS_DEPLOYMENT_TARGET = 14.0;
				LD_RUNPATH_SEARCH_PATHS = (
					"$(inherited)",
					"@executable_path/Frameworks",
				);
				PRODUCT_BUNDLE_IDENTIFIER = com.demoapp.eatsy;
				PRODUCT_NAME = "$(TARGET_NAME)";
				SWIFT_VERSION = 5.0;
				TARGETED_DEVICE_FAMILY = "1,2";
			};
			name = Release;
		};
/* End XCBuildConfiguration section */

/* Begin XCConfigurationList section */
		FBDFD58026512086005D90FA /* Build configuration list for PBXProject "eatsy" */ = {
			isa = XCConfigurationList;
			buildConfigurations = (
				FBDFD59226512088005D90FA /* Debug */,
				FBDFD59326512088005D90FA /* Release */,
			);
			defaultConfigurationIsVisible = 0;
			defaultConfigurationName = Release;
		};
		FBDFD59426512088005D90FA /* Build configuration list for PBXNativeTarget "eatsy" */ = {
			isa = XCConfigurationList;
			buildConfigurations = (
				FBDFD59526512088005D90FA /* Debug */,
				FBDFD59626512088005D90FA /* Release */,
			);
			defaultConfigurationIsVisible = 0;
			defaultConfigurationName = Release;
		};
/* End XCConfigurationList section */

/* Begin XCRemoteSwiftPackageReference section */
		FBA43EB326578710003F4D8C /* XCRemoteSwiftPackageReference "url-image" */ = {
			isa = XCRemoteSwiftPackageReference;
			repositoryURL = "https://github.com/dmytro-anokhin/url-image";
			requirement = {
				kind = upToNextMajorVersion;
				minimumVersion = 3.0.1;
			};
		};
/* End XCRemoteSwiftPackageReference section */

/* Begin XCSwiftPackageProductDependency section */
		FBA43EB426578710003F4D8C /* URLImageStore */ = {
			isa = XCSwiftPackageProductDependency;
			package = FBA43EB326578710003F4D8C /* XCRemoteSwiftPackageReference "url-image" */;
			productName = URLImageStore;
		};
		FBA43EB626578710003F4D8C /* URLImage */ = {
			isa = XCSwiftPackageProductDependency;
			package = FBA43EB326578710003F4D8C /* XCRemoteSwiftPackageReference "url-image" */;
			productName = URLImage;
		};
/* End XCSwiftPackageProductDependency section */
	};
	rootObject = FBDFD57D26512086005D90FA /* Project object */;
}
